<?xml version="1.0" encoding="utf-8"?>
<Project ToolsVersion="4.0" xmlns="http://schemas.microsoft.com/developer/msbuild/2003">
  <ItemGroup>
    <Filter Include="소스 파일">
      <UniqueIdentifier>{4FC737F1-C7A5-4376-A066-2A32D752A2FF}</UniqueIdentifier>
      <Extensions>cpp;c;cc;cxx;c++;def;odl;idl;hpj;bat;asm;asmx</Extensions>
    </Filter>
    <Filter Include="헤더 파일">
      <UniqueIdentifier>{93995380-89BD-4b04-88EB-625FBE52EBFB}</UniqueIdentifier>
      <Extensions>h;hh;hpp;hxx;h++;hm;inl;inc;ipp;xsd</Extensions>
    </Filter>
    <Filter Include="리소스 파일">
      <UniqueIdentifier>{67DA6AB6-F800-4c08-8B7A-83BB121AAD01}</UniqueIdentifier>
      <Extensions>rc;ico;cur;bmp;dlg;rc2;rct;bin;rgs;gif;jpg;jpeg;jpe;resx;tiff;tif;png;wav;mfcribbon-ms</Extensions>
    </Filter>
    <Filter Include="헤더 파일\Obverser">
      <UniqueIdentifier>{b0c6d746-71c1-43da-95e4-35ad0cbd503b}</UniqueIdentifier>
    </Filter>
    <Filter Include="헤더 파일\FSM">
      <UniqueIdentifier>{3efd9611-c05a-4c81-94e4-220d837d65b8}</UniqueIdentifier>
    </Filter>
    <Filter Include="헤더 파일\AStar">
      <UniqueIdentifier>{17cae631-51aa-4e6e-8556-1a36d441353b}</UniqueIdentifier>
    </Filter>
  </ItemGroup>
  <ItemGroup>
    <ClCompile Include="MiddleFacman.cpp">
      <Filter>소스 파일</Filter>
    </ClCompile>
    <ClCompile Include="PacMap.cpp">
      <Filter>소스 파일</Filter>
    </ClCompile>
    <ClCompile Include="PacMan.cpp">
      <Filter>소스 파일</Filter>
    </ClCompile>
    <ClCompile Include="GameManager.cpp">
      <Filter>소스 파일</Filter>
    </ClCompile>
    <ClCompile Include="GhostStates.cpp">
      <Filter>소스 파일</Filter>
    </ClCompile>
    <ClCompile Include="AStar.cpp">
      <Filter>헤더 파일\AStar</Filter>
    </ClCompile>
  </ItemGroup>
  <ItemGroup>
    <ClInclude Include="PacMap.h">
      <Filter>헤더 파일</Filter>
    </ClInclude>
    <ClInclude Include="PacMan.h">
      <Filter>헤더 파일</Filter>
    </ClInclude>
    <ClInclude Include="Position.h">
      <Filter>헤더 파일</Filter>
    </ClInclude>
    <ClInclude Include="GameManager.h">
      <Filter>헤더 파일</Filter>
    </ClInclude>
    <ClInclude Include="Observer.h">
      <Filter>헤더 파일\Obverser</Filter>
    </ClInclude>
    <ClInclude Include="Subject.h">
      <Filter>헤더 파일\Obverser</Filter>
    </ClInclude>
    <ClInclude Include="GhostManager.h">
      <Filter>헤더 파일</Filter>
    </ClInclude>
    <ClInclude Include="Ghost.h">
      <Filter>헤더 파일</Filter>
    </ClInclude>
    <ClInclude Include="BaseState.h">
      <Filter>헤더 파일\FSM</Filter>
    </ClInclude>
    <ClInclude Include="BaseGhost.h">
      <Filter>헤더 파일\FSM</Filter>
    </ClInclude>
    <ClInclude Include="GhostStates.h">
      <Filter>헤더 파일</Filter>
    </ClInclude>
    <ClInclude Include="AStar.h">
      <Filter>헤더 파일\AStar</Filter>
    </ClInclude>
  </ItemGroup>
</Project>